// !$*UTF8*$!
{
	archiveVersion = 1;
	classes = {
	};
	objectVersion = 46;
	objects = {

/* Begin PBXBuildFile section */
		F6A003291D57B3DA0044C584 /* AppDelegate.swift in Sources */ = {isa = PBXBuildFile; fileRef = F6A003281D57B3DA0044C584 /* AppDelegate.swift */; };
		F6A0032B1D57B3DA0044C584 /* ViewController.swift in Sources */ = {isa = PBXBuildFile; fileRef = F6A0032A1D57B3DA0044C584 /* ViewController.swift */; };
		F6A0032E1D57B3DA0044C584 /* Main.storyboard in Resources */ = {isa = PBXBuildFile; fileRef = F6A0032C1D57B3DA0044C584 /* Main.storyboard */; };
		F6A003301D57B3DA0044C584 /* Assets.xcassets in Resources */ = {isa = PBXBuildFile; fileRef = F6A0032F1D57B3DA0044C584 /* Assets.xcassets */; };
		F6A003331D57B3DA0044C584 /* LaunchScreen.storyboard in Resources */ = {isa = PBXBuildFile; fileRef = F6A003311D57B3DA0044C584 /* LaunchScreen.storyboard */; };
		F6A003381D57B3DA0044C584 /* PizzasWatch WatchKit App.app in Embed Watch Content */ = {isa = PBXBuildFile; fileRef = F6A003371D57B3DA0044C584 /* PizzasWatch WatchKit App.app */; };
		F6A0033E1D57B3DA0044C584 /* Interface.storyboard in Resources */ = {isa = PBXBuildFile; fileRef = F6A0033C1D57B3DA0044C584 /* Interface.storyboard */; };
		F6A003401D57B3DA0044C584 /* Assets.xcassets in Resources */ = {isa = PBXBuildFile; fileRef = F6A0033F1D57B3DA0044C584 /* Assets.xcassets */; };
		F6A003471D57B3DA0044C584 /* PizzasWatch WatchKit Extension.appex in Embed App Extensions */ = {isa = PBXBuildFile; fileRef = F6A003461D57B3DA0044C584 /* PizzasWatch WatchKit Extension.appex */; settings = {ATTRIBUTES = (RemoveHeadersOnCopy, ); }; };
		F6A0034C1D57B3DA0044C584 /* InterfaceController.swift in Sources */ = {isa = PBXBuildFile; fileRef = F6A0034B1D57B3DA0044C584 /* InterfaceController.swift */; };
		F6A0034E1D57B3DA0044C584 /* ExtensionDelegate.swift in Sources */ = {isa = PBXBuildFile; fileRef = F6A0034D1D57B3DA0044C584 /* ExtensionDelegate.swift */; };
		F6A003501D57B3DA0044C584 /* Assets.xcassets in Resources */ = {isa = PBXBuildFile; fileRef = F6A0034F1D57B3DA0044C584 /* Assets.xcassets */; };
		F6A003601D57D5260044C584 /* TamanhoController.swift in Sources */ = {isa = PBXBuildFile; fileRef = F6A0035F1D57D5260044C584 /* TamanhoController.swift */; };
		F6A003621D57D5360044C584 /* MasaController.swift in Sources */ = {isa = PBXBuildFile; fileRef = F6A003611D57D5360044C584 /* MasaController.swift */; };
		F6A003641D57D5450044C584 /* QuesoController.swift in Sources */ = {isa = PBXBuildFile; fileRef = F6A003631D57D5450044C584 /* QuesoController.swift */; };
		F6A003661D57D5540044C584 /* IngredientesController.swift in Sources */ = {isa = PBXBuildFile; fileRef = F6A003651D57D5540044C584 /* IngredientesController.swift */; };
		F6A0036A1D57D76B0044C584 /* ConfiguracionPizza.swift in Sources */ = {isa = PBXBuildFile; fileRef = F6A003691D57D76B0044C584 /* ConfiguracionPizza.swift */; };
		F6A0036C1D57DE620044C584 /* ConfirmacionController.swift in Sources */ = {isa = PBXBuildFile; fileRef = F6A0036B1D57DE620044C584 /* ConfirmacionController.swift */; };
/* End PBXBuildFile section */

/* Begin PBXContainerItemProxy section */
		F6A003391D57B3DA0044C584 /* PBXContainerItemProxy */ = {
			isa = PBXContainerItemProxy;
			containerPortal = F6A0031D1D57B3DA0044C584 /* Project object */;
			proxyType = 1;
			remoteGlobalIDString = F6A003361D57B3DA0044C584;
			remoteInfo = "PizzasWatch WatchKit App";
		};
		F6A003481D57B3DA0044C584 /* PBXContainerItemProxy */ = {
			isa = PBXContainerItemProxy;
			containerPortal = F6A0031D1D57B3DA0044C584 /* Project object */;
			proxyType = 1;
			remoteGlobalIDString = F6A003451D57B3DA0044C584;
			remoteInfo = "PizzasWatch WatchKit Extension";
		};
/* End PBXContainerItemProxy section */

/* Begin PBXCopyFilesBuildPhase section */
		F6A003571D57B3DA0044C584 /* Embed App Extensions */ = {
			isa = PBXCopyFilesBuildPhase;
			buildActionMask = 2147483647;
			dstPath = "";
			dstSubfolderSpec = 13;
			files = (
				F6A003471D57B3DA0044C584 /* PizzasWatch WatchKit Extension.appex in Embed App Extensions */,
			);
			name = "Embed App Extensions";
			runOnlyForDeploymentPostprocessing = 0;
		};
		F6A0035B1D57B3DA0044C584 /* Embed Watch Content */ = {
			isa = PBXCopyFilesBuildPhase;
			buildActionMask = 2147483647;
			dstPath = "$(CONTENTS_FOLDER_PATH)/Watch";
			dstSubfolderSpec = 16;
			files = (
				F6A003381D57B3DA0044C584 /* PizzasWatch WatchKit App.app in Embed Watch Content */,
			);
			name = "Embed Watch Content";
			runOnlyForDeploymentPostprocessing = 0;
		};
/* End PBXCopyFilesBuildPhase section */

/* Begin PBXFileReference section */
		F6A003251D57B3DA0044C584 /* PizzasWatch.app */ = {isa = PBXFileReference; explicitFileType = wrapper.application; includeInIndex = 0; path = PizzasWatch.app; sourceTree = BUILT_PRODUCTS_DIR; };
		F6A003281D57B3DA0044C584 /* AppDelegate.swift */ = {isa = PBXFileReference; lastKnownFileType = sourcecode.swift; path = AppDelegate.swift; sourceTree = "<group>"; };
		F6A0032A1D57B3DA0044C584 /* ViewController.swift */ = {isa = PBXFileReference; lastKnownFileType = sourcecode.swift; path = ViewController.swift; sourceTree = "<group>"; };
		F6A0032D1D57B3DA0044C584 /* Base */ = {isa = PBXFileReference; lastKnownFileType = file.storyboard; name = Base; path = Base.lproj/Main.storyboard; sourceTree = "<group>"; };
		F6A0032F1D57B3DA0044C584 /* Assets.xcassets */ = {isa = PBXFileReference; lastKnownFileType = folder.assetcatalog; path = Assets.xcassets; sourceTree = "<group>"; };
		F6A003321D57B3DA0044C584 /* Base */ = {isa = PBXFileReference; lastKnownFileType = file.storyboard; name = Base; path = Base.lproj/LaunchScreen.storyboard; sourceTree = "<group>"; };
		F6A003341D57B3DA0044C584 /* Info.plist */ = {isa = PBXFileReference; lastKnownFileType = text.plist.xml; path = Info.plist; sourceTree = "<group>"; };
		F6A003371D57B3DA0044C584 /* PizzasWatch WatchKit App.app */ = {isa = PBXFileReference; explicitFileType = wrapper.application; includeInIndex = 0; path = "PizzasWatch WatchKit App.app"; sourceTree = BUILT_PRODUCTS_DIR; };
		F6A0033D1D57B3DA0044C584 /* Base */ = {isa = PBXFileReference; lastKnownFileType = file.storyboard; name = Base; path = Base.lproj/Interface.storyboard; sourceTree = "<group>"; };
		F6A0033F1D57B3DA0044C584 /* Assets.xcassets */ = {isa = PBXFileReference; lastKnownFileType = folder.assetcatalog; path = Assets.xcassets; sourceTree = "<group>"; };
		F6A003411D57B3DA0044C584 /* Info.plist */ = {isa = PBXFileReference; lastKnownFileType = text.plist.xml; path = Info.plist; sourceTree = "<group>"; };
		F6A003461D57B3DA0044C584 /* PizzasWatch WatchKit Extension.appex */ = {isa = PBXFileReference; explicitFileType = "wrapper.app-extension"; includeInIndex = 0; path = "PizzasWatch WatchKit Extension.appex"; sourceTree = BUILT_PRODUCTS_DIR; };
		F6A0034B1D57B3DA0044C584 /* InterfaceController.swift */ = {isa = PBXFileReference; lastKnownFileType = sourcecode.swift; path = InterfaceController.swift; sourceTree = "<group>"; };
		F6A0034D1D57B3DA0044C584 /* ExtensionDelegate.swift */ = {isa = PBXFileReference; lastKnownFileType = sourcecode.swift; path = ExtensionDelegate.swift; sourceTree = "<group>"; };
		F6A0034F1D57B3DA0044C584 /* Assets.xcassets */ = {isa = PBXFileReference; lastKnownFileType = folder.assetcatalog; path = Assets.xcassets; sourceTree = "<group>"; };
		F6A003511D57B3DA0044C584 /* Info.plist */ = {isa = PBXFileReference; lastKnownFileType = text.plist.xml; path = Info.plist; sourceTree = "<group>"; };
		F6A0035F1D57D5260044C584 /* TamanhoController.swift */ = {isa = PBXFileReference; fileEncoding = 4; lastKnownFileType = sourcecode.swift; path = TamanhoController.swift; sourceTree = "<group>"; };
		F6A003611D57D5360044C584 /* MasaController.swift */ = {isa = PBXFileReference; fileEncoding = 4; lastKnownFileType = sourcecode.swift; path = MasaController.swift; sourceTree = "<group>"; };
		F6A003631D57D5450044C584 /* QuesoController.swift */ = {isa = PBXFileReference; fileEncoding = 4; lastKnownFileType = sourcecode.swift; path = QuesoController.swift; sourceTree = "<group>"; };
		F6A003651D57D5540044C584 /* IngredientesController.swift */ = {isa = PBXFileReference; fileEncoding = 4; lastKnownFileType = sourcecode.swift; path = IngredientesController.swift; sourceTree = "<group>"; };
		F6A003691D57D76B0044C584 /* ConfiguracionPizza.swift */ = {isa = PBXFileReference; fileEncoding = 4; lastKnownFileType = sourcecode.swift; path = ConfiguracionPizza.swift; sourceTree = "<group>"; };
		F6A0036B1D57DE620044C584 /* ConfirmacionController.swift */ = {isa = PBXFileReference; fileEncoding = 4; lastKnownFileType = sourcecode.swift; path = ConfirmacionController.swift; sourceTree = "<group>"; };
/* End PBXFileReference section */

/* Begin PBXFrameworksBuildPhase section */
		F6A003221D57B3DA0044C584 /* Frameworks */ = {
			isa = PBXFrameworksBuildPhase;
			buildActionMask = 2147483647;
			files = (
			);
			runOnlyForDeploymentPostprocessing = 0;
		};
		F6A003431D57B3DA0044C584 /* Frameworks */ = {
			isa = PBXFrameworksBuildPhase;
			buildActionMask = 2147483647;
			files = (
			);
			runOnlyForDeploymentPostprocessing = 0;
		};
/* End PBXFrameworksBuildPhase section */

/* Begin PBXGroup section */
		F6A0031C1D57B3DA0044C584 = {
			isa = PBXGroup;
			children = (
				F6A003271D57B3DA0044C584 /* PizzasWatch */,
				F6A0033B1D57B3DA0044C584 /* PizzasWatch WatchKit App */,
				F6A0034A1D57B3DA0044C584 /* PizzasWatch WatchKit Extension */,
				F6A003261D57B3DA0044C584 /* Products */,
			);
			sourceTree = "<group>";
		};
		F6A003261D57B3DA0044C584 /* Products */ = {
			isa = PBXGroup;
			children = (
				F6A003251D57B3DA0044C584 /* PizzasWatch.app */,
				F6A003371D57B3DA0044C584 /* PizzasWatch WatchKit App.app */,
				F6A003461D57B3DA0044C584 /* PizzasWatch WatchKit Extension.appex */,
			);
			name = Products;
			sourceTree = "<group>";
		};
		F6A003271D57B3DA0044C584 /* PizzasWatch */ = {
			isa = PBXGroup;
			children = (
				F6A003281D57B3DA0044C584 /* AppDelegate.swift */,
				F6A0032A1D57B3DA0044C584 /* ViewController.swift */,
				F6A0032C1D57B3DA0044C584 /* Main.storyboard */,
				F6A0032F1D57B3DA0044C584 /* Assets.xcassets */,
				F6A003311D57B3DA0044C584 /* LaunchScreen.storyboard */,
				F6A003341D57B3DA0044C584 /* Info.plist */,
			);
			path = PizzasWatch;
			sourceTree = "<group>";
		};
		F6A0033B1D57B3DA0044C584 /* PizzasWatch WatchKit App */ = {
			isa = PBXGroup;
			children = (
				F6A0033C1D57B3DA0044C584 /* Interface.storyboard */,
				F6A0033F1D57B3DA0044C584 /* Assets.xcassets */,
				F6A003411D57B3DA0044C584 /* Info.plist */,
			);
			path = "PizzasWatch WatchKit App";
			sourceTree = "<group>";
		};
		F6A0034A1D57B3DA0044C584 /* PizzasWatch WatchKit Extension */ = {
			isa = PBXGroup;
			children = (
				F6A0034D1D57B3DA0044C584 /* ExtensionDelegate.swift */,
				F6A0034B1D57B3DA0044C584 /* InterfaceController.swift */,
				F6A0035F1D57D5260044C584 /* TamanhoController.swift */,
				F6A003611D57D5360044C584 /* MasaController.swift */,
				F6A003631D57D5450044C584 /* QuesoController.swift */,
				F6A003651D57D5540044C584 /* IngredientesController.swift */,
				F6A0036B1D57DE620044C584 /* ConfirmacionController.swift */,
				F6A003691D57D76B0044C584 /* ConfiguracionPizza.swift */,
				F6A0034F1D57B3DA0044C584 /* Assets.xcassets */,
				F6A003511D57B3DA0044C584 /* Info.plist */,
			);
			path = "PizzasWatch WatchKit Extension";
			sourceTree = "<group>";
		};
/* End PBXGroup section */

/* Begin PBXNativeTarget section */
		F6A003241D57B3DA0044C584 /* PizzasWatch */ = {
			isa = PBXNativeTarget;
			buildConfigurationList = F6A0035C1D57B3DA0044C584 /* Build configuration list for PBXNativeTarget "PizzasWatch" */;
			buildPhases = (
				F6A003211D57B3DA0044C584 /* Sources */,
				F6A003221D57B3DA0044C584 /* Frameworks */,
				F6A003231D57B3DA0044C584 /* Resources */,
				F6A0035B1D57B3DA0044C584 /* Embed Watch Content */,
			);
			buildRules = (
			);
			dependencies = (
				F6A0033A1D57B3DA0044C584 /* PBXTargetDependency */,
			);
			name = PizzasWatch;
			productName = PizzasWatch;
			productReference = F6A003251D57B3DA0044C584 /* PizzasWatch.app */;
			productType = "com.apple.product-type.application";
		};
		F6A003361D57B3DA0044C584 /* PizzasWatch WatchKit App */ = {
			isa = PBXNativeTarget;
			buildConfigurationList = F6A003581D57B3DA0044C584 /* Build configuration list for PBXNativeTarget "PizzasWatch WatchKit App" */;
			buildPhases = (
				F6A003351D57B3DA0044C584 /* Resources */,
				F6A003571D57B3DA0044C584 /* Embed App Extensions */,
			);
			buildRules = (
			);
			dependencies = (
				F6A003491D57B3DA0044C584 /* PBXTargetDependency */,
			);
			name = "PizzasWatch WatchKit App";
			productName = "PizzasWatch WatchKit App";
			productReference = F6A003371D57B3DA0044C584 /* PizzasWatch WatchKit App.app */;
			productType = "com.apple.product-type.application.watchapp2";
		};
		F6A003451D57B3DA0044C584 /* PizzasWatch WatchKit Extension */ = {
			isa = PBXNativeTarget;
			buildConfigurationList = F6A003541D57B3DA0044C584 /* Build configuration list for PBXNativeTarget "PizzasWatch WatchKit Extension" */;
			buildPhases = (
				F6A003421D57B3DA0044C584 /* Sources */,
				F6A003431D57B3DA0044C584 /* Frameworks */,
				F6A003441D57B3DA0044C584 /* Resources */,
			);
			buildRules = (
			);
			dependencies = (
			);
			name = "PizzasWatch WatchKit Extension";
			productName = "PizzasWatch WatchKit Extension";
			productReference = F6A003461D57B3DA0044C584 /* PizzasWatch WatchKit Extension.appex */;
			productType = "com.apple.product-type.watchkit2-extension";
		};
/* End PBXNativeTarget section */

/* Begin PBXProject section */
		F6A0031D1D57B3DA0044C584 /* Project object */ = {
			isa = PBXProject;
			attributes = {
				LastSwiftUpdateCheck = 0730;
				LastUpgradeCheck = 0730;
				ORGANIZATIONNAME = "Daniel Suso Sánchez";
				TargetAttributes = {
					F6A003241D57B3DA0044C584 = {
						CreatedOnToolsVersion = 7.3.1;
					};
					F6A003361D57B3DA0044C584 = {
						CreatedOnToolsVersion = 7.3.1;
					};
					F6A003451D57B3DA0044C584 = {
						CreatedOnToolsVersion = 7.3.1;
					};
				};
			};
			buildConfigurationList = F6A003201D57B3DA0044C584 /* Build configuration list for PBXProject "PizzasWatch" */;
			compatibilityVersion = "Xcode 3.2";
			developmentRegion = English;
			hasScannedForEncodings = 0;
			knownRegions = (
				en,
				Base,
			);
			mainGroup = F6A0031C1D57B3DA0044C584;
			productRefGroup = F6A003261D57B3DA0044C584 /* Products */;
			projectDirPath = "";
			projectRoot = "";
			targets = (
				F6A003241D57B3DA0044C584 /* PizzasWatch */,
				F6A003361D57B3DA0044C584 /* PizzasWatch WatchKit App */,
				F6A003451D57B3DA0044C584 /* PizzasWatch WatchKit Extension */,
			);
		};
/* End PBXProject section */

/* Begin PBXResourcesBuildPhase section */
		F6A003231D57B3DA0044C584 /* Resources */ = {
			isa = PBXResourcesBuildPhase;
			buildActionMask = 2147483647;
			files = (
				F6A003331D57B3DA0044C584 /* LaunchScreen.storyboard in Resources */,
				F6A003301D57B3DA0044C584 /* Assets.xcassets in Resources */,
				F6A0032E1D57B3DA0044C584 /* Main.storyboard in Resources */,
			);
			runOnlyForDeploymentPostprocessing = 0;
		};
		F6A003351D57B3DA0044C584 /* Resources */ = {
			isa = PBXResourcesBuildPhase;
			buildActionMask = 2147483647;
			files = (
				F6A003401D57B3DA0044C584 /* Assets.xcassets in Resources */,
				F6A0033E1D57B3DA0044C584 /* Interface.storyboard in Resources */,
			);
			runOnlyForDeploymentPostprocessing = 0;
		};
		F6A003441D57B3DA0044C584 /* Resources */ = {
			isa = PBXResourcesBuildPhase;
			buildActionMask = 2147483647;
			files = (
				F6A003501D57B3DA0044C584 /* Assets.xcassets in Resources */,
			);
			runOnlyForDeploymentPostprocessing = 0;
		};
/* End PBXResourcesBuildPhase section */

/* Begin PBXSourcesBuildPhase section */
		F6A003211D57B3DA0044C584 /* Sources */ = {
			isa = PBXSourcesBuildPhase;
			buildActionMask = 2147483647;
			files = (
				F6A0032B1D57B3DA0044C584 /* ViewController.swift in Sources */,
				F6A003291D57B3DA0044C584 /* AppDelegate.swift in Sources */,
			);
			runOnlyForDeploymentPostprocessing = 0;
		};
		F6A003421D57B3DA0044C584 /* Sources */ = {
			isa = PBXSourcesBuildPhase;
			buildActionMask = 2147483647;
			files = (
				F6A003601D57D5260044C584 /* TamanhoController.swift in Sources */,
				F6A003621D57D5360044C584 /* MasaController.swift in Sources */,
				F6A003661D57D5540044C584 /* IngredientesController.swift in Sources */,
				F6A0036C1D57DE620044C584 /* ConfirmacionController.swift in Sources */,
				F6A003641D57D5450044C584 /* QuesoController.swift in Sources */,
				F6A0034E1D57B3DA0044C584 /* ExtensionDelegate.swift in Sources */,
				F6A0034C1D57B3DA0044C584 /* InterfaceController.swift in Sources */,
				F6A0036A1D57D76B0044C584 /* ConfiguracionPizza.swift in Sources */,
			);
			runOnlyForDeploymentPostprocessing = 0;
		};
/* End PBXSourcesBuildPhase section */

/* Begin PBXTargetDependency section */
		F6A0033A1D57B3DA0044C584 /* PBXTargetDependency */ = {
			isa = PBXTargetDependency;
			target = F6A003361D57B3DA0044C584 /* PizzasWatch WatchKit App */;
			targetProxy = F6A003391D57B3DA0044C584 /* PBXContainerItemProxy */;
		};
		F6A003491D57B3DA0044C584 /* PBXTargetDependency */ = {
			isa = PBXTargetDependency;
			target = F6A003451D57B3DA0044C584 /* PizzasWatch WatchKit Extension */;
			targetProxy = F6A003481D57B3DA0044C584 /* PBXContainerItemProxy */;
		};
/* End PBXTargetDependency section */

/* Begin PBXVariantGroup section */
		F6A0032C1D57B3DA0044C584 /* Main.storyboard */ = {
			isa = PBXVariantGroup;
			children = (
				F6A0032D1D57B3DA0044C584 /* Base */,
			);
			name = Main.storyboard;
			sourceTree = "<group>";
		};
		F6A003311D57B3DA0044C584 /* LaunchScreen.storyboard */ = {
			isa = PBXVariantGroup;
			children = (
				F6A003321D57B3DA0044C584 /* Base */,
			);
			name = LaunchScreen.storyboard;
			sourceTree = "<group>";
		};
		F6A0033C1D57B3DA0044C584 /* Interface.storyboard */ = {
			isa = PBXVariantGroup;
			children = (
				F6A0033D1D57B3DA0044C584 /* Base */,
			);
			name = Interface.storyboard;
			sourceTree = "<group>";
		};
/* End PBXVariantGroup section */

/* Begin XCBuildConfiguration section */
		F6A003521D57B3DA0044C584 /* Debug */ = {
			isa = XCBuildConfiguration;
			buildSettings = {
				ALWAYS_SEARCH_USER_PATHS = NO;
				CLANG_ANALYZER_NONNULL = YES;
				CLANG_CXX_LANGUAGE_STANDARD = "gnu++0x";
				CLANG_CXX_LIBRARY = "libc++";
				CLANG_ENABLE_MODULES = YES;
				CLANG_ENABLE_OBJC_ARC = YES;
				CLANG_WARN_BOOL_CONVERSION = YES;
				CLANG_WARN_CONSTANT_CONVERSION = YES;
				CLANG_WARN_DIRECT_OBJC_ISA_USAGE = YES_ERROR;
				CLANG_WARN_EMPTY_BODY = YES;
				CLANG_WARN_ENUM_CONVERSION = YES;
				CLANG_WARN_INT_CONVERSION = YES;
				CLANG_WARN_OBJC_ROOT_CLASS = YES_ERROR;
				CLANG_WARN_UNREACHABLE_CODE = YES;
				CLANG_WARN__DUPLICATE_METHOD_MATCH = YES;
				"CODE_SIGN_IDENTITY[sdk=iphoneos*]" = "iPhone Developer";
				COPY_PHASE_STRIP = NO;
				DEBUG_INFORMATION_FORMAT = dwarf;
				ENABLE_STRICT_OBJC_MSGSEND = YES;
				ENABLE_TESTABILITY = YES;
				GCC_C_LANGUAGE_STANDARD = gnu99;
				GCC_DYNAMIC_NO_PIC = NO;
				GCC_NO_COMMON_BLOCKS = YES;
				GCC_OPTIMIZATION_LEVEL = 0;
				GCC_PREPROCESSOR_DEFINITIONS = (
					"DEBUG=1",
					"$(inherited)",
				);
				GCC_WARN_64_TO_32_BIT_CONVERSION = YES;
				GCC_WARN_ABOUT_RETURN_TYPE = YES_ERROR;
				GCC_WARN_UNDECLARED_SELECTOR = YES;
				GCC_WARN_UNINITIALIZED_AUTOS = YES_AGGRESSIVE;
				GCC_WARN_UNUSED_FUNCTION = YES;
				GCC_WARN_UNUSED_VARIABLE = YES;
				IPHONEOS_DEPLOYMENT_TARGET = 9.3;
				MTL_ENABLE_DEBUG_INFO = YES;
				ONLY_ACTIVE_ARCH = YES;
				SDKROOT = iphoneos;
				SWIFT_OPTIMIZATION_LEVEL = "-Onone";
				TARGETED_DEVICE_FAMILY = "1,2";
			};
			name = Debug;
		};
		F6A003531D57B3DA0044C584 /* Release */ = {
			isa = XCBuildConfiguration;
			buildSettings = {
				ALWAYS_SEARCH_USER_PATHS = NO;
				CLANG_ANALYZER_NONNULL = YES;
				CLANG_CXX_LANGUAGE_STANDARD = "gnu++0x";
				CLANG_CXX_LIBRARY = "libc++";
				CLANG_ENABLE_MODULES = YES;
				CLANG_ENABLE_OBJC_ARC = YES;
				CLANG_WARN_BOOL_CONVERSION = YES;
				CLANG_WARN_CONSTANT_CONVERSION = YES;
				CLANG_WARN_DIRECT_OBJC_ISA_USAGE = YES_ERROR;
				CLANG_WARN_EMPTY_BODY = YES;
				CLANG_WARN_ENUM_CONVERSION = YES;
				CLANG_WARN_INT_CONVERSION = YES;
				CLANG_WARN_OBJC_ROOT_CLASS = YES_ERROR;
				CLANG_WARN_UNREACHABLE_CODE = YES;
				CLANG_WARN__DUPLICATE_METHOD_MATCH = YES;
				"CODE_SIGN_IDENTITY[sdk=iphoneos*]" = "iPhone Developer";
				COPY_PHASE_STRIP = NO;
				DEBUG_INFORMATION_FORMAT = "dwarf-with-dsym";
				ENABLE_NS_ASSERTIONS = NO;
				ENABLE_STRICT_OBJC_MSGSEND = YES;
				GCC_C_LANGUAGE_STANDARD = gnu99;
				GCC_NO_COMMON_BLOCKS = YES;
				GCC_WARN_64_TO_32_BIT_CONVERSION = YES;
				GCC_WARN_ABOUT_RETURN_TYPE = YES_ERROR;
				GCC_WARN_UNDECLARED_SELECTOR = YES;
				GCC_WARN_UNINITIALIZED_AUTOS = YES_AGGRESSIVE;
				GCC_WARN_UNUSED_FUNCTION = YES;
				GCC_WARN_UNUSED_VARIABLE = YES;
				IPHONEOS_DEPLOYMENT_TARGET = 9.3;
				MTL_ENABLE_DEBUG_INFO = NO;
				SDKROOT = iphoneos;
				TARGETED_DEVICE_FAMILY = "1,2";
				VALIDATE_PRODUCT = YES;
			};
			name = Release;
		};
		F6A003551D57B3DA0044C584 /* Debug */ = {
			isa = XCBuildConfiguration;
			buildSettings = {
				INFOPLIST_FILE = "PizzasWatch WatchKit Extension/Info.plist";
				LD_RUNPATH_SEARCH_PATHS = "$(inherited) @executable_path/Frameworks @executable_path/../../Frameworks";
				PRODUCT_BUNDLE_IDENTIFIER = com.danielsuso.PizzasWatch.watchkitapp.watchkitextension;
				PRODUCT_NAME = "${TARGET_NAME}";
				SDKROOT = watchos;
				SKIP_INSTALL = YES;
				TARGETED_DEVICE_FAMILY = 4;
				WATCHOS_DEPLOYMENT_TARGET = 2.2;
			};
			name = Debug;
		};
		F6A003561D57B3DA0044C584 /* Release */ = {
			isa = XCBuildConfiguration;
			buildSettings = {
				INFOPLIST_FILE = "PizzasWatch WatchKit Extension/Info.plist";
				LD_RUNPATH_SEARCH_PATHS = "$(inherited) @executable_path/Frameworks @executable_path/../../Frameworks";
				PRODUCT_BUNDLE_IDENTIFIER = com.danielsuso.PizzasWatch.watchkitapp.watchkitextension;
				PRODUCT_NAME = "${TARGET_NAME}";
				SDKROOT = watchos;
				SKIP_INSTALL = YES;
				TARGETED_DEVICE_FAMILY = 4;
				WATCHOS_DEPLOYMENT_TARGET = 2.2;
			};
			name = Release;
		};
		F6A003591D57B3DA0044C584 /* Debug */ = {
			isa = XCBuildConfiguration;
			buildSettings = {
				ASSETCATALOG_COMPILER_APPICON_NAME = AppIcon;
				EMBEDDED_CONTENT_CONTAINS_SWIFT = YES;
				IBSC_MODULE = PizzasWatch_WatchKit_Extension;
				INFOPLIST_FILE = "PizzasWatch WatchKit App/Info.plist";
				PRODUCT_BUNDLE_IDENTIFIER = com.danielsuso.PizzasWatch.watchkitapp;
				PRODUCT_NAME = "$(TARGET_NAME)";
				SDKROOT = watchos;
				SKIP_INSTALL = YES;
				TARGETED_DEVICE_FAMILY = 4;
				WATCHOS_DEPLOYMENT_TARGET = 2.2;
			};
			name = Debug;
		};
		F6A0035A1D57B3DA0044C584 /* Release */ = {
			isa = XCBuildConfiguration;
			buildSettings = {
				ASSETCATALOG_COMPILER_APPICON_NAME = AppIcon;
				EMBEDDED_CONTENT_CONTAINS_SWIFT = YES;
				IBSC_MODULE = PizzasWatch_WatchKit_Extension;
				INFOPLIST_FILE = "PizzasWatch WatchKit App/Info.plist";
				PRODUCT_BUNDLE_IDENTIFIER = com.danielsuso.PizzasWatch.watchkitapp;
				PRODUCT_NAME = "$(TARGET_NAME)";
				SDKROOT = watchos;
				SKIP_INSTALL = YES;
				TARGETED_DEVICE_FAMILY = 4;
				WATCHOS_DEPLOYMENT_TARGET = 2.2;
			};
			name = Release;
		};
		F6A0035D1D57B3DA0044C584 /* Debug */ = {
			isa = XCBuildConfiguration;
			buildSettings = {
				ASSETCATALOG_COMPILER_APPICON_NAME = AppIcon;
				INFOPLIST_FILE = PizzasWatch/Info.plist;
				LD_RUNPATH_SEARCH_PATHS = "$(inherited) @executable_path/Frameworks";
				PRODUCT_BUNDLE_IDENTIFIER = com.danielsuso.PizzasWatch;
				PRODUCT_NAME = "$(TARGET_NAME)";
			};
			name = Debug;
		};
		F6A0035E1D57B3DA0044C584 /* Release */ = {
			isa = XCBuildConfiguration;
			buildSettings = {
				ASSETCATALOG_COMPILER_APPICON_NAME = AppIcon;
				INFOPLIST_FILE = PizzasWatch/Info.plist;
				LD_RUNPATH_SEARCH_PATHS = "$(inherited) @executable_path/Frameworks";
				PRODUCT_BUNDLE_IDENTIFIER = com.danielsuso.PizzasWatch;
				PRODUCT_NAME = "$(TARGET_NAME)";
			};
			name = Release;
		};
/* End XCBuildConfiguration section */

/* Begin XCConfigurationList section */
		F6A003201D57B3DA0044C584 /* Build configuration list for PBXProject "PizzasWatch" */ = {
			isa = XCConfigurationList;
			buildConfigurations = (
				F6A003521D57B3DA0044C584 /* Debug */,
				F6A003531D57B3DA0044C584 /* Release */,
			);
			defaultConfigurationIsVisible = 0;
			defaultConfigurationName = Release;
		};
		F6A003541D57B3DA0044C584 /* Build configuration list for PBXNativeTarget "PizzasWatch WatchKit Extension" */ = {
			isa = XCConfigurationList;
			buildConfigurations = (
				F6A003551D57B3DA0044C584 /* Debug */,
				F6A003561D57B3DA0044C584 /* Release */,
			);
			defaultConfigurationIsVisible = 0;
		};
		F6A003581D57B3DA0044C584 /* Build configuration list for PBXNativeTarget "PizzasWatch WatchKit App" */ = {
			isa = XCConfigurationList;
			buildConfigurations = (
				F6A003591D57B3DA0044C584 /* Debug */,
				F6A0035A1D57B3DA0044C584 /* Release */,
			);
			defaultConfigurationIsVisible = 0;
		};
		F6A0035C1D57B3DA0044C584 /* Build configuration list for PBXNativeTarget "PizzasWatch" */ = {
			isa = XCConfigurationList;
			buildConfigurations = (
				F6A0035D1D57B3DA0044C584 /* Debug */,
				F6A0035E1D57B3DA0044C584 /* Release */,
			);
			defaultConfigurationIsVisible = 0;
		};
/* End XCConfigurationList section */
	};
	rootObject = F6A0031D1D57B3DA0044C584 /* Project object */;
}
