// !$*UTF8*$!
{
	archiveVersion = 1;
	classes = {
	};
	objectVersion = 46;
	objects = {

/* Begin PBXBuildFile section */
		BE5A059F1D54794800BB9EE0 /* AppDelegate.swift in Sources */ = {isa = PBXBuildFile; fileRef = BE5A059E1D54794800BB9EE0 /* AppDelegate.swift */; };
		BE5A05A11D54794800BB9EE0 /* ViewController.swift in Sources */ = {isa = PBXBuildFile; fileRef = BE5A05A01D54794800BB9EE0 /* ViewController.swift */; };
		BE5A05A41D54794800BB9EE0 /* Main.storyboard in Resources */ = {isa = PBXBuildFile; fileRef = BE5A05A21D54794800BB9EE0 /* Main.storyboard */; };
		BE5A05A91D54794800BB9EE0 /* LaunchScreen.storyboard in Resources */ = {isa = PBXBuildFile; fileRef = BE5A05A71D54794800BB9EE0 /* LaunchScreen.storyboard */; };
		BE6828681D549FE000C4BCA7 /* Bobo.jpg in Resources */ = {isa = PBXBuildFile; fileRef = BE68285E1D549FE000C4BCA7 /* Bobo.jpg */; };
		BE6828691D549FE000C4BCA7 /* Bobo.mp3 in Resources */ = {isa = PBXBuildFile; fileRef = BE68285F1D549FE000C4BCA7 /* Bobo.mp3 */; };
		BE68286A1D549FE000C4BCA7 /* Duele_el_corazon.mp3 in Resources */ = {isa = PBXBuildFile; fileRef = BE6828601D549FE000C4BCA7 /* Duele_el_corazon.mp3 */; };
		BE68286B1D549FE000C4BCA7 /* Duele_el_corazon.jpg in Resources */ = {isa = PBXBuildFile; fileRef = BE6828611D549FE000C4BCA7 /* Duele_el_corazon.jpg */; };
		BE68286C1D549FE000C4BCA7 /* El_perdedor.mp3 in Resources */ = {isa = PBXBuildFile; fileRef = BE6828621D549FE000C4BCA7 /* El_perdedor.mp3 */; };
		BE68286D1D549FE000C4BCA7 /* El_perdedor.jpg in Resources */ = {isa = PBXBuildFile; fileRef = BE6828631D549FE000C4BCA7 /* El_perdedor.jpg */; };
		BE68286E1D549FE000C4BCA7 /* Hasta_el_amanecer.jpg in Resources */ = {isa = PBXBuildFile; fileRef = BE6828641D549FE000C4BCA7 /* Hasta_el_amanecer.jpg */; };
		BE68286F1D549FE000C4BCA7 /* Hasta_el_amanecer.mp3 in Resources */ = {isa = PBXBuildFile; fileRef = BE6828651D549FE000C4BCA7 /* Hasta_el_amanecer.mp3 */; };
		BE6828701D549FE000C4BCA7 /* La_bicicleta.jpeg in Resources */ = {isa = PBXBuildFile; fileRef = BE6828661D549FE000C4BCA7 /* La_bicicleta.jpeg */; };
		BE6828711D549FE000C4BCA7 /* La_bicicleta.mp3 in Resources */ = {isa = PBXBuildFile; fileRef = BE6828671D549FE000C4BCA7 /* La_bicicleta.mp3 */; };
		BE6828781D54AE1400C4BCA7 /* Pause.png in Resources */ = {isa = PBXBuildFile; fileRef = BE6828741D54AE1400C4BCA7 /* Pause.png */; };
		BE6828791D54AE1400C4BCA7 /* Play.png in Resources */ = {isa = PBXBuildFile; fileRef = BE6828751D54AE1400C4BCA7 /* Play.png */; };
		BE68287A1D54AE1400C4BCA7 /* Shuffle.png in Resources */ = {isa = PBXBuildFile; fileRef = BE6828761D54AE1400C4BCA7 /* Shuffle.png */; };
		BE68287B1D54AE1400C4BCA7 /* Stop.png in Resources */ = {isa = PBXBuildFile; fileRef = BE6828771D54AE1400C4BCA7 /* Stop.png */; };
		BE68287E1D54AE8200C4BCA7 /* Assets.xcassets in Resources */ = {isa = PBXBuildFile; fileRef = BE68287D1D54AE8200C4BCA7 /* Assets.xcassets */; };
/* End PBXBuildFile section */

/* Begin PBXFileReference section */
		BE5A059B1D54794800BB9EE0 /* ReproductorMusica.app */ = {isa = PBXFileReference; explicitFileType = wrapper.application; includeInIndex = 0; path = ReproductorMusica.app; sourceTree = BUILT_PRODUCTS_DIR; };
		BE5A059E1D54794800BB9EE0 /* AppDelegate.swift */ = {isa = PBXFileReference; lastKnownFileType = sourcecode.swift; path = AppDelegate.swift; sourceTree = "<group>"; };
		BE5A05A01D54794800BB9EE0 /* ViewController.swift */ = {isa = PBXFileReference; lastKnownFileType = sourcecode.swift; path = ViewController.swift; sourceTree = "<group>"; };
		BE5A05A31D54794800BB9EE0 /* Base */ = {isa = PBXFileReference; lastKnownFileType = file.storyboard; name = Base; path = Base.lproj/Main.storyboard; sourceTree = "<group>"; };
		BE5A05A81D54794800BB9EE0 /* Base */ = {isa = PBXFileReference; lastKnownFileType = file.storyboard; name = Base; path = Base.lproj/LaunchScreen.storyboard; sourceTree = "<group>"; };
		BE5A05AA1D54794800BB9EE0 /* Info.plist */ = {isa = PBXFileReference; lastKnownFileType = text.plist.xml; path = Info.plist; sourceTree = "<group>"; };
		BE68285E1D549FE000C4BCA7 /* Bobo.jpg */ = {isa = PBXFileReference; lastKnownFileType = image.jpeg; path = Bobo.jpg; sourceTree = "<group>"; };
		BE68285F1D549FE000C4BCA7 /* Bobo.mp3 */ = {isa = PBXFileReference; lastKnownFileType = audio.mp3; path = Bobo.mp3; sourceTree = "<group>"; };
		BE6828601D549FE000C4BCA7 /* Duele_el_corazon.mp3 */ = {isa = PBXFileReference; lastKnownFileType = audio.mp3; path = Duele_el_corazon.mp3; sourceTree = "<group>"; };
		BE6828611D549FE000C4BCA7 /* Duele_el_corazon.jpg */ = {isa = PBXFileReference; lastKnownFileType = image.jpeg; path = Duele_el_corazon.jpg; sourceTree = "<group>"; };
		BE6828621D549FE000C4BCA7 /* El_perdedor.mp3 */ = {isa = PBXFileReference; lastKnownFileType = audio.mp3; path = El_perdedor.mp3; sourceTree = "<group>"; };
		BE6828631D549FE000C4BCA7 /* El_perdedor.jpg */ = {isa = PBXFileReference; lastKnownFileType = image.jpeg; path = El_perdedor.jpg; sourceTree = "<group>"; };
		BE6828641D549FE000C4BCA7 /* Hasta_el_amanecer.jpg */ = {isa = PBXFileReference; lastKnownFileType = image.jpeg; path = Hasta_el_amanecer.jpg; sourceTree = "<group>"; };
		BE6828651D549FE000C4BCA7 /* Hasta_el_amanecer.mp3 */ = {isa = PBXFileReference; lastKnownFileType = audio.mp3; path = Hasta_el_amanecer.mp3; sourceTree = "<group>"; };
		BE6828661D549FE000C4BCA7 /* La_bicicleta.jpeg */ = {isa = PBXFileReference; lastKnownFileType = image.jpeg; path = La_bicicleta.jpeg; sourceTree = "<group>"; };
		BE6828671D549FE000C4BCA7 /* La_bicicleta.mp3 */ = {isa = PBXFileReference; lastKnownFileType = audio.mp3; path = La_bicicleta.mp3; sourceTree = "<group>"; };
		BE6828741D54AE1400C4BCA7 /* Pause.png */ = {isa = PBXFileReference; lastKnownFileType = image.png; path = Pause.png; sourceTree = "<group>"; };
		BE6828751D54AE1400C4BCA7 /* Play.png */ = {isa = PBXFileReference; lastKnownFileType = image.png; path = Play.png; sourceTree = "<group>"; };
		BE6828761D54AE1400C4BCA7 /* Shuffle.png */ = {isa = PBXFileReference; lastKnownFileType = image.png; path = Shuffle.png; sourceTree = "<group>"; };
		BE6828771D54AE1400C4BCA7 /* Stop.png */ = {isa = PBXFileReference; lastKnownFileType = image.png; path = Stop.png; sourceTree = "<group>"; };
		BE68287D1D54AE8200C4BCA7 /* Assets.xcassets */ = {isa = PBXFileReference; lastKnownFileType = folder.assetcatalog; path = Assets.xcassets; sourceTree = "<group>"; };
/* End PBXFileReference section */

/* Begin PBXFrameworksBuildPhase section */
		BE5A05981D54794800BB9EE0 /* Frameworks */ = {
			isa = PBXFrameworksBuildPhase;
			buildActionMask = 2147483647;
			files = (
			);
			runOnlyForDeploymentPostprocessing = 0;
		};
/* End PBXFrameworksBuildPhase section */

/* Begin PBXGroup section */
		BE5A05921D54794800BB9EE0 = {
			isa = PBXGroup;
			children = (
				BE5A059D1D54794800BB9EE0 /* ReproductorMusica */,
				BE5A059C1D54794800BB9EE0 /* Products */,
			);
			sourceTree = "<group>";
		};
		BE5A059C1D54794800BB9EE0 /* Products */ = {
			isa = PBXGroup;
			children = (
				BE5A059B1D54794800BB9EE0 /* ReproductorMusica.app */,
			);
			name = Products;
			sourceTree = "<group>";
		};
		BE5A059D1D54794800BB9EE0 /* ReproductorMusica */ = {
			isa = PBXGroup;
			children = (
				BE5A059E1D54794800BB9EE0 /* AppDelegate.swift */,
				BE5A05A01D54794800BB9EE0 /* ViewController.swift */,
				BE5A05A21D54794800BB9EE0 /* Main.storyboard */,
				BE6828731D549FF900C4BCA7 /* Songs */,
				BE6828721D549FF300C4BCA7 /* Images */,
				BE68287C1D54AE3400C4BCA7 /* Icons */,
				BE68287D1D54AE8200C4BCA7 /* Assets.xcassets */,
				BE5A05A71D54794800BB9EE0 /* LaunchScreen.storyboard */,
				BE5A05AA1D54794800BB9EE0 /* Info.plist */,
			);
			path = ReproductorMusica;
			sourceTree = "<group>";
		};
		BE6828721D549FF300C4BCA7 /* Images */ = {
			isa = PBXGroup;
			children = (
				BE68285E1D549FE000C4BCA7 /* Bobo.jpg */,
				BE6828611D549FE000C4BCA7 /* Duele_el_corazon.jpg */,
				BE6828631D549FE000C4BCA7 /* El_perdedor.jpg */,
				BE6828661D549FE000C4BCA7 /* La_bicicleta.jpeg */,
				BE6828641D549FE000C4BCA7 /* Hasta_el_amanecer.jpg */,
			);
			name = Images;
			sourceTree = "<group>";
		};
		BE6828731D549FF900C4BCA7 /* Songs */ = {
			isa = PBXGroup;
			children = (
				BE68285F1D549FE000C4BCA7 /* Bobo.mp3 */,
				BE6828601D549FE000C4BCA7 /* Duele_el_corazon.mp3 */,
				BE6828621D549FE000C4BCA7 /* El_perdedor.mp3 */,
				BE6828671D549FE000C4BCA7 /* La_bicicleta.mp3 */,
				BE6828651D549FE000C4BCA7 /* Hasta_el_amanecer.mp3 */,
			);
			name = Songs;
			sourceTree = "<group>";
		};
		BE68287C1D54AE3400C4BCA7 /* Icons */ = {
			isa = PBXGroup;
			children = (
				BE6828741D54AE1400C4BCA7 /* Pause.png */,
				BE6828751D54AE1400C4BCA7 /* Play.png */,
				BE6828761D54AE1400C4BCA7 /* Shuffle.png */,
				BE6828771D54AE1400C4BCA7 /* Stop.png */,
			);
			name = Icons;
			sourceTree = "<group>";
		};
/* End PBXGroup section */

/* Begin PBXNativeTarget section */
		BE5A059A1D54794800BB9EE0 /* ReproductorMusica */ = {
			isa = PBXNativeTarget;
			buildConfigurationList = BE5A05AD1D54794800BB9EE0 /* Build configuration list for PBXNativeTarget "ReproductorMusica" */;
			buildPhases = (
				BE5A05971D54794800BB9EE0 /* Sources */,
				BE5A05981D54794800BB9EE0 /* Frameworks */,
				BE5A05991D54794800BB9EE0 /* Resources */,
			);
			buildRules = (
			);
			dependencies = (
			);
			name = ReproductorMusica;
			productName = ReproductorMusica;
			productReference = BE5A059B1D54794800BB9EE0 /* ReproductorMusica.app */;
			productType = "com.apple.product-type.application";
		};
/* End PBXNativeTarget section */

/* Begin PBXProject section */
		BE5A05931D54794800BB9EE0 /* Project object */ = {
			isa = PBXProject;
			attributes = {
				LastSwiftUpdateCheck = 0730;
				LastUpgradeCheck = 0730;
				ORGANIZATIONNAME = "Daniel Suso Sánchez";
				TargetAttributes = {
					BE5A059A1D54794800BB9EE0 = {
						CreatedOnToolsVersion = 7.3;
					};
				};
			};
			buildConfigurationList = BE5A05961D54794800BB9EE0 /* Build configuration list for PBXProject "ReproductorMusica" */;
			compatibilityVersion = "Xcode 3.2";
			developmentRegion = English;
			hasScannedForEncodings = 0;
			knownRegions = (
				en,
				Base,
			);
			mainGroup = BE5A05921D54794800BB9EE0;
			productRefGroup = BE5A059C1D54794800BB9EE0 /* Products */;
			projectDirPath = "";
			projectRoot = "";
			targets = (
				BE5A059A1D54794800BB9EE0 /* ReproductorMusica */,
			);
		};
/* End PBXProject section */

/* Begin PBXResourcesBuildPhase section */
		BE5A05991D54794800BB9EE0 /* Resources */ = {
			isa = PBXResourcesBuildPhase;
			buildActionMask = 2147483647;
			files = (
				BE68287B1D54AE1400C4BCA7 /* Stop.png in Resources */,
				BE5A05A91D54794800BB9EE0 /* LaunchScreen.storyboard in Resources */,
				BE68286A1D549FE000C4BCA7 /* Duele_el_corazon.mp3 in Resources */,
				BE6828711D549FE000C4BCA7 /* La_bicicleta.mp3 in Resources */,
				BE6828791D54AE1400C4BCA7 /* Play.png in Resources */,
				BE68287A1D54AE1400C4BCA7 /* Shuffle.png in Resources */,
				BE68287E1D54AE8200C4BCA7 /* Assets.xcassets in Resources */,
				BE6828681D549FE000C4BCA7 /* Bobo.jpg in Resources */,
				BE68286D1D549FE000C4BCA7 /* El_perdedor.jpg in Resources */,
				BE6828781D54AE1400C4BCA7 /* Pause.png in Resources */,
				BE68286E1D549FE000C4BCA7 /* Hasta_el_amanecer.jpg in Resources */,
				BE68286F1D549FE000C4BCA7 /* Hasta_el_amanecer.mp3 in Resources */,
				BE68286C1D549FE000C4BCA7 /* El_perdedor.mp3 in Resources */,
				BE6828691D549FE000C4BCA7 /* Bobo.mp3 in Resources */,
				BE68286B1D549FE000C4BCA7 /* Duele_el_corazon.jpg in Resources */,
				BE6828701D549FE000C4BCA7 /* La_bicicleta.jpeg in Resources */,
				BE5A05A41D54794800BB9EE0 /* Main.storyboard in Resources */,
			);
			runOnlyForDeploymentPostprocessing = 0;
		};
/* End PBXResourcesBuildPhase section */

/* Begin PBXSourcesBuildPhase section */
		BE5A05971D54794800BB9EE0 /* Sources */ = {
			isa = PBXSourcesBuildPhase;
			buildActionMask = 2147483647;
			files = (
				BE5A05A11D54794800BB9EE0 /* ViewController.swift in Sources */,
				BE5A059F1D54794800BB9EE0 /* AppDelegate.swift in Sources */,
			);
			runOnlyForDeploymentPostprocessing = 0;
		};
/* End PBXSourcesBuildPhase section */

/* Begin PBXVariantGroup section */
		BE5A05A21D54794800BB9EE0 /* Main.storyboard */ = {
			isa = PBXVariantGroup;
			children = (
				BE5A05A31D54794800BB9EE0 /* Base */,
			);
			name = Main.storyboard;
			sourceTree = "<group>";
		};
		BE5A05A71D54794800BB9EE0 /* LaunchScreen.storyboard */ = {
			isa = PBXVariantGroup;
			children = (
				BE5A05A81D54794800BB9EE0 /* Base */,
			);
			name = LaunchScreen.storyboard;
			sourceTree = "<group>";
		};
/* End PBXVariantGroup section */

/* Begin XCBuildConfiguration section */
		BE5A05AB1D54794800BB9EE0 /* Debug */ = {
			isa = XCBuildConfiguration;
			buildSettings = {
				ALWAYS_SEARCH_USER_PATHS = NO;
				CLANG_ANALYZER_NONNULL = YES;
				CLANG_CXX_LANGUAGE_STANDARD = "gnu++0x";
				CLANG_CXX_LIBRARY = "libc++";
				CLANG_ENABLE_MODULES = YES;
				CLANG_ENABLE_OBJC_ARC = YES;
				CLANG_WARN_BOOL_CONVERSION = YES;
				CLANG_WARN_CONSTANT_CONVERSION = YES;
				CLANG_WARN_DIRECT_OBJC_ISA_USAGE = YES_ERROR;
				CLANG_WARN_EMPTY_BODY = YES;
				CLANG_WARN_ENUM_CONVERSION = YES;
				CLANG_WARN_INT_CONVERSION = YES;
				CLANG_WARN_OBJC_ROOT_CLASS = YES_ERROR;
				CLANG_WARN_UNREACHABLE_CODE = YES;
				CLANG_WARN__DUPLICATE_METHOD_MATCH = YES;
				"CODE_SIGN_IDENTITY[sdk=iphoneos*]" = "iPhone Developer";
				COPY_PHASE_STRIP = NO;
				DEBUG_INFORMATION_FORMAT = dwarf;
				ENABLE_STRICT_OBJC_MSGSEND = YES;
				ENABLE_TESTABILITY = YES;
				GCC_C_LANGUAGE_STANDARD = gnu99;
				GCC_DYNAMIC_NO_PIC = NO;
				GCC_NO_COMMON_BLOCKS = YES;
				GCC_OPTIMIZATION_LEVEL = 0;
				GCC_PREPROCESSOR_DEFINITIONS = (
					"DEBUG=1",
					"$(inherited)",
				);
				GCC_WARN_64_TO_32_BIT_CONVERSION = YES;
				GCC_WARN_ABOUT_RETURN_TYPE = YES_ERROR;
				GCC_WARN_UNDECLARED_SELECTOR = YES;
				GCC_WARN_UNINITIALIZED_AUTOS = YES_AGGRESSIVE;
				GCC_WARN_UNUSED_FUNCTION = YES;
				GCC_WARN_UNUSED_VARIABLE = YES;
				IPHONEOS_DEPLOYMENT_TARGET = 9.3;
				MTL_ENABLE_DEBUG_INFO = YES;
				ONLY_ACTIVE_ARCH = YES;
				SDKROOT = iphoneos;
				SWIFT_OPTIMIZATION_LEVEL = "-Onone";
				TARGETED_DEVICE_FAMILY = "1,2";
			};
			name = Debug;
		};
		BE5A05AC1D54794800BB9EE0 /* Release */ = {
			isa = XCBuildConfiguration;
			buildSettings = {
				ALWAYS_SEARCH_USER_PATHS = NO;
				CLANG_ANALYZER_NONNULL = YES;
				CLANG_CXX_LANGUAGE_STANDARD = "gnu++0x";
				CLANG_CXX_LIBRARY = "libc++";
				CLANG_ENABLE_MODULES = YES;
				CLANG_ENABLE_OBJC_ARC = YES;
				CLANG_WARN_BOOL_CONVERSION = YES;
				CLANG_WARN_CONSTANT_CONVERSION = YES;
				CLANG_WARN_DIRECT_OBJC_ISA_USAGE = YES_ERROR;
				CLANG_WARN_EMPTY_BODY = YES;
				CLANG_WARN_ENUM_CONVERSION = YES;
				CLANG_WARN_INT_CONVERSION = YES;
				CLANG_WARN_OBJC_ROOT_CLASS = YES_ERROR;
				CLANG_WARN_UNREACHABLE_CODE = YES;
				CLANG_WARN__DUPLICATE_METHOD_MATCH = YES;
				"CODE_SIGN_IDENTITY[sdk=iphoneos*]" = "iPhone Developer";
				COPY_PHASE_STRIP = NO;
				DEBUG_INFORMATION_FORMAT = "dwarf-with-dsym";
				ENABLE_NS_ASSERTIONS = NO;
				ENABLE_STRICT_OBJC_MSGSEND = YES;
				GCC_C_LANGUAGE_STANDARD = gnu99;
				GCC_NO_COMMON_BLOCKS = YES;
				GCC_WARN_64_TO_32_BIT_CONVERSION = YES;
				GCC_WARN_ABOUT_RETURN_TYPE = YES_ERROR;
				GCC_WARN_UNDECLARED_SELECTOR = YES;
				GCC_WARN_UNINITIALIZED_AUTOS = YES_AGGRESSIVE;
				GCC_WARN_UNUSED_FUNCTION = YES;
				GCC_WARN_UNUSED_VARIABLE = YES;
				IPHONEOS_DEPLOYMENT_TARGET = 9.3;
				MTL_ENABLE_DEBUG_INFO = NO;
				SDKROOT = iphoneos;
				TARGETED_DEVICE_FAMILY = "1,2";
				VALIDATE_PRODUCT = YES;
			};
			name = Release;
		};
		BE5A05AE1D54794800BB9EE0 /* Debug */ = {
			isa = XCBuildConfiguration;
			buildSettings = {
				ASSETCATALOG_COMPILER_APPICON_NAME = AppIcon;
				INFOPLIST_FILE = ReproductorMusica/Info.plist;
				LD_RUNPATH_SEARCH_PATHS = "$(inherited) @executable_path/Frameworks";
				PRODUCT_BUNDLE_IDENTIFIER = com.danielsusosanchez.ReproductorMusica;
				PRODUCT_NAME = "$(TARGET_NAME)";
			};
			name = Debug;
		};
		BE5A05AF1D54794800BB9EE0 /* Release */ = {
			isa = XCBuildConfiguration;
			buildSettings = {
				ASSETCATALOG_COMPILER_APPICON_NAME = AppIcon;
				INFOPLIST_FILE = ReproductorMusica/Info.plist;
				LD_RUNPATH_SEARCH_PATHS = "$(inherited) @executable_path/Frameworks";
				PRODUCT_BUNDLE_IDENTIFIER = com.danielsusosanchez.ReproductorMusica;
				PRODUCT_NAME = "$(TARGET_NAME)";
			};
			name = Release;
		};
/* End XCBuildConfiguration section */

/* Begin XCConfigurationList section */
		BE5A05961D54794800BB9EE0 /* Build configuration list for PBXProject "ReproductorMusica" */ = {
			isa = XCConfigurationList;
			buildConfigurations = (
				BE5A05AB1D54794800BB9EE0 /* Debug */,
				BE5A05AC1D54794800BB9EE0 /* Release */,
			);
			defaultConfigurationIsVisible = 0;
			defaultConfigurationName = Release;
		};
		BE5A05AD1D54794800BB9EE0 /* Build configuration list for PBXNativeTarget "ReproductorMusica" */ = {
			isa = XCConfigurationList;
			buildConfigurations = (
				BE5A05AE1D54794800BB9EE0 /* Debug */,
				BE5A05AF1D54794800BB9EE0 /* Release */,
			);
			defaultConfigurationIsVisible = 0;
			defaultConfigurationName = Release;
		};
/* End XCConfigurationList section */
	};
	rootObject = BE5A05931D54794800BB9EE0 /* Project object */;
}
